github.com/mattn/go-sqlite3 v1.14.44 h1:3VSe+xafpbzsLbdr2AWlAZk9yRHiBhTBakioXaCKTF8=
github.com/mattn/go-sqlite3 v1.14.44/go.mod h1:pjEuOr8IwzLJP2MfGeTb0A35jauH+C2kbHKBr7yXKVQ=
github.com/open-spaced-repetition/go-fsrs/v3 v3.3.1 h1:zKBIfL5ZmbJfSe4nXABkazrSw7BQufi5ghXTZWXsvq8=
github.com/open-spaced-repetition/go-fsrs/v3 v3.3.1/go.mod h1:zTtQIk3kOO9kweg5zJAgbdwBXR2HBPsDN0k6AxmTpzY=
